// !$*UTF8*$!
{
	archiveVersion = 1;
	classes = {
	};
	objectVersion = 50;
	objects = {

/* Begin PBXBuildFile section */
		411FDB39217B3C3000B5ABD5 /* AppDelegate.swift in Sources */ = {isa = PBXBuildFile; fileRef = 411FDB38217B3C3000B5ABD5 /* AppDelegate.swift */; };
		411FDB3E217B3C3000B5ABD5 /* Main.storyboard in Resources */ = {isa = PBXBuildFile; fileRef = 411FDB3C217B3C3000B5ABD5 /* Main.storyboard */; };
		411FDB40217B3C3500B5ABD5 /* Assets.xcassets in Resources */ = {isa = PBXBuildFile; fileRef = 411FDB3F217B3C3500B5ABD5 /* Assets.xcassets */; };
		411FDB43217B3C3500B5ABD5 /* LaunchScreen.storyboard in Resources */ = {isa = PBXBuildFile; fileRef = 411FDB41217B3C3500B5ABD5 /* LaunchScreen.storyboard */; };
		411FDB4C217B9B5A00B5ABD5 /* NotebookListViewController.swift in Sources */ = {isa = PBXBuildFile; fileRef = 411FDB4B217B9B5A00B5ABD5 /* NotebookListViewController.swift */; };
		411FDB4E217E503F00B5ABD5 /* NotebookListCell.swift in Sources */ = {isa = PBXBuildFile; fileRef = 411FDB4D217E503F00B5ABD5 /* NotebookListCell.swift */; };
		411FDB51217E653F00B5ABD5 /* Notebook.swift in Sources */ = {isa = PBXBuildFile; fileRef = 411FDB50217E653F00B5ABD5 /* Notebook.swift */; };
		411FDB54217E719500B5ABD5 /* Identifiers.swift in Sources */ = {isa = PBXBuildFile; fileRef = 411FDB53217E719500B5ABD5 /* Identifiers.swift */; };
		411FDB56217E730D00B5ABD5 /* UtilsFunctions.swift in Sources */ = {isa = PBXBuildFile; fileRef = 411FDB55217E730D00B5ABD5 /* UtilsFunctions.swift */; };
		4130AFD3217E7E9000C56B4A /* Note.swift in Sources */ = {isa = PBXBuildFile; fileRef = 4130AFD2217E7E9000C56B4A /* Note.swift */; };
		4130AFD5217E7FA900C56B4A /* NotesListViewController.swift in Sources */ = {isa = PBXBuildFile; fileRef = 4130AFD4217E7FA900C56B4A /* NotesListViewController.swift */; };
		4130AFDA217E8DB100C56B4A /* NoteDetailsViewController.swift in Sources */ = {isa = PBXBuildFile; fileRef = 4130AFD8217E8DB100C56B4A /* NoteDetailsViewController.swift */; };
		4130AFDB217E8DB200C56B4A /* NoteDetailsViewController.xib in Resources */ = {isa = PBXBuildFile; fileRef = 4130AFD9217E8DB100C56B4A /* NoteDetailsViewController.xib */; };
/* End PBXBuildFile section */

/* Begin PBXFileReference section */
		411FDB35217B3C3000B5ABD5 /* Everpobre.app */ = {isa = PBXFileReference; explicitFileType = wrapper.application; includeInIndex = 0; path = Everpobre.app; sourceTree = BUILT_PRODUCTS_DIR; };
		411FDB38217B3C3000B5ABD5 /* AppDelegate.swift */ = {isa = PBXFileReference; lastKnownFileType = sourcecode.swift; path = AppDelegate.swift; sourceTree = "<group>"; };
		411FDB3D217B3C3000B5ABD5 /* Base */ = {isa = PBXFileReference; lastKnownFileType = file.storyboard; name = Base; path = Base.lproj/Main.storyboard; sourceTree = "<group>"; };
		411FDB3F217B3C3500B5ABD5 /* Assets.xcassets */ = {isa = PBXFileReference; lastKnownFileType = folder.assetcatalog; path = Assets.xcassets; sourceTree = "<group>"; };
		411FDB42217B3C3500B5ABD5 /* Base */ = {isa = PBXFileReference; lastKnownFileType = file.storyboard; name = Base; path = Base.lproj/LaunchScreen.storyboard; sourceTree = "<group>"; };
		411FDB44217B3C3500B5ABD5 /* Info.plist */ = {isa = PBXFileReference; lastKnownFileType = text.plist.xml; path = Info.plist; sourceTree = "<group>"; };
		411FDB4B217B9B5A00B5ABD5 /* NotebookListViewController.swift */ = {isa = PBXFileReference; lastKnownFileType = sourcecode.swift; path = NotebookListViewController.swift; sourceTree = "<group>"; };
		411FDB4D217E503F00B5ABD5 /* NotebookListCell.swift */ = {isa = PBXFileReference; lastKnownFileType = sourcecode.swift; path = NotebookListCell.swift; sourceTree = "<group>"; };
		411FDB50217E653F00B5ABD5 /* Notebook.swift */ = {isa = PBXFileReference; lastKnownFileType = sourcecode.swift; path = Notebook.swift; sourceTree = "<group>"; };
		411FDB53217E719500B5ABD5 /* Identifiers.swift */ = {isa = PBXFileReference; lastKnownFileType = sourcecode.swift; path = Identifiers.swift; sourceTree = "<group>"; };
		411FDB55217E730D00B5ABD5 /* UtilsFunctions.swift */ = {isa = PBXFileReference; lastKnownFileType = sourcecode.swift; path = UtilsFunctions.swift; sourceTree = "<group>"; };
		4130AFD2217E7E9000C56B4A /* Note.swift */ = {isa = PBXFileReference; lastKnownFileType = sourcecode.swift; path = Note.swift; sourceTree = "<group>"; };
		4130AFD4217E7FA900C56B4A /* NotesListViewController.swift */ = {isa = PBXFileReference; lastKnownFileType = sourcecode.swift; path = NotesListViewController.swift; sourceTree = "<group>"; };
		4130AFD8217E8DB100C56B4A /* NoteDetailsViewController.swift */ = {isa = PBXFileReference; lastKnownFileType = sourcecode.swift; path = NoteDetailsViewController.swift; sourceTree = "<group>"; };
		4130AFD9217E8DB100C56B4A /* NoteDetailsViewController.xib */ = {isa = PBXFileReference; lastKnownFileType = file.xib; path = NoteDetailsViewController.xib; sourceTree = "<group>"; };
/* End PBXFileReference section */

/* Begin PBXFrameworksBuildPhase section */
		411FDB32217B3C3000B5ABD5 /* Frameworks */ = {
			isa = PBXFrameworksBuildPhase;
			buildActionMask = 2147483647;
			files = (
			);
			runOnlyForDeploymentPostprocessing = 0;
		};
/* End PBXFrameworksBuildPhase section */

/* Begin PBXGroup section */
		411FDB2C217B3C3000B5ABD5 = {
			isa = PBXGroup;
			children = (
				411FDB37217B3C3000B5ABD5 /* Everpobre */,
				411FDB36217B3C3000B5ABD5 /* Products */,
			);
			sourceTree = "<group>";
		};
		411FDB36217B3C3000B5ABD5 /* Products */ = {
			isa = PBXGroup;
			children = (
				411FDB35217B3C3000B5ABD5 /* Everpobre.app */,
			);
			name = Products;
			sourceTree = "<group>";
		};
		411FDB37217B3C3000B5ABD5 /* Everpobre */ = {
			isa = PBXGroup;
			children = (
				411FDB4F217E652C00B5ABD5 /* Domains */,
				411FDB4A217B9A7900B5ABD5 /* NotebookList */,
				4130AFD6217E825900C56B4A /* NotesList */,
				4130AFD7217E8D7300C56B4A /* NoteDetails */,
				411FDB52217E717F00B5ABD5 /* Utils */,
				411FDB38217B3C3000B5ABD5 /* AppDelegate.swift */,
				411FDB3C217B3C3000B5ABD5 /* Main.storyboard */,
				411FDB3F217B3C3500B5ABD5 /* Assets.xcassets */,
				411FDB41217B3C3500B5ABD5 /* LaunchScreen.storyboard */,
				411FDB44217B3C3500B5ABD5 /* Info.plist */,
			);
			path = Everpobre;
			sourceTree = "<group>";
		};
		411FDB4A217B9A7900B5ABD5 /* NotebookList */ = {
			isa = PBXGroup;
			children = (
				411FDB4B217B9B5A00B5ABD5 /* NotebookListViewController.swift */,
				411FDB4D217E503F00B5ABD5 /* NotebookListCell.swift */,
			);
			path = NotebookList;
			sourceTree = "<group>";
		};
		411FDB4F217E652C00B5ABD5 /* Domains */ = {
			isa = PBXGroup;
			children = (
				411FDB50217E653F00B5ABD5 /* Notebook.swift */,
				4130AFD2217E7E9000C56B4A /* Note.swift */,
			);
			path = Domains;
			sourceTree = "<group>";
		};
		411FDB52217E717F00B5ABD5 /* Utils */ = {
			isa = PBXGroup;
			children = (
				411FDB53217E719500B5ABD5 /* Identifiers.swift */,
				411FDB55217E730D00B5ABD5 /* UtilsFunctions.swift */,
			);
			path = Utils;
			sourceTree = "<group>";
		};
		4130AFD6217E825900C56B4A /* NotesList */ = {
			isa = PBXGroup;
			children = (
				4130AFD4217E7FA900C56B4A /* NotesListViewController.swift */,
			);
			path = NotesList;
			sourceTree = "<group>";
		};
		4130AFD7217E8D7300C56B4A /* NoteDetails */ = {
			isa = PBXGroup;
			children = (
				4130AFD8217E8DB100C56B4A /* NoteDetailsViewController.swift */,
				4130AFD9217E8DB100C56B4A /* NoteDetailsViewController.xib */,
			);
			path = NoteDetails;
			sourceTree = "<group>";
		};
/* End PBXGroup section */

/* Begin PBXNativeTarget section */
		411FDB34217B3C3000B5ABD5 /* Everpobre */ = {
			isa = PBXNativeTarget;
			buildConfigurationList = 411FDB47217B3C3500B5ABD5 /* Build configuration list for PBXNativeTarget "Everpobre" */;
			buildPhases = (
				411FDB31217B3C3000B5ABD5 /* Sources */,
				411FDB32217B3C3000B5ABD5 /* Frameworks */,
				411FDB33217B3C3000B5ABD5 /* Resources */,
			);
			buildRules = (
			);
			dependencies = (
			);
			name = Everpobre;
			productName = Everpobre;
			productReference = 411FDB35217B3C3000B5ABD5 /* Everpobre.app */;
			productType = "com.apple.product-type.application";
		};
/* End PBXNativeTarget section */

/* Begin PBXProject section */
		411FDB2D217B3C3000B5ABD5 /* Project object */ = {
			isa = PBXProject;
			attributes = {
				LastSwiftUpdateCheck = 1000;
				LastUpgradeCheck = 1000;
				ORGANIZATIONNAME = Fco_Javier_Rodriguez;
				TargetAttributes = {
					411FDB34217B3C3000B5ABD5 = {
						CreatedOnToolsVersion = 10.0;
					};
				};
			};
			buildConfigurationList = 411FDB30217B3C3000B5ABD5 /* Build configuration list for PBXProject "Everpobre" */;
			compatibilityVersion = "Xcode 9.3";
			developmentRegion = en;
			hasScannedForEncodings = 0;
			knownRegions = (
				en,
				Base,
			);
			mainGroup = 411FDB2C217B3C3000B5ABD5;
			productRefGroup = 411FDB36217B3C3000B5ABD5 /* Products */;
			projectDirPath = "";
			projectRoot = "";
			targets = (
				411FDB34217B3C3000B5ABD5 /* Everpobre */,
			);
		};
/* End PBXProject section */

/* Begin PBXResourcesBuildPhase section */
		411FDB33217B3C3000B5ABD5 /* Resources */ = {
			isa = PBXResourcesBuildPhase;
			buildActionMask = 2147483647;
			files = (
				411FDB43217B3C3500B5ABD5 /* LaunchScreen.storyboard in Resources */,
				4130AFDB217E8DB200C56B4A /* NoteDetailsViewController.xib in Resources */,
				411FDB40217B3C3500B5ABD5 /* Assets.xcassets in Resources */,
				411FDB3E217B3C3000B5ABD5 /* Main.storyboard in Resources */,
			);
			runOnlyForDeploymentPostprocessing = 0;
		};
/* End PBXResourcesBuildPhase section */

/* Begin PBXSourcesBuildPhase section */
		411FDB31217B3C3000B5ABD5 /* Sources */ = {
			isa = PBXSourcesBuildPhase;
			buildActionMask = 2147483647;
			files = (
				411FDB4C217B9B5A00B5ABD5 /* NotebookListViewController.swift in Sources */,
				411FDB56217E730D00B5ABD5 /* UtilsFunctions.swift in Sources */,
				4130AFDA217E8DB100C56B4A /* NoteDetailsViewController.swift in Sources */,
				4130AFD3217E7E9000C56B4A /* Note.swift in Sources */,
				411FDB39217B3C3000B5ABD5 /* AppDelegate.swift in Sources */,
				4130AFD5217E7FA900C56B4A /* NotesListViewController.swift in Sources */,
				411FDB51217E653F00B5ABD5 /* Notebook.swift in Sources */,
				411FDB54217E719500B5ABD5 /* Identifiers.swift in Sources */,
				411FDB4E217E503F00B5ABD5 /* NotebookListCell.swift in Sources */,
			);
			runOnlyForDeploymentPostprocessing = 0;
		};
/* End PBXSourcesBuildPhase section */

/* Begin PBXVariantGroup section */
		411FDB3C217B3C3000B5ABD5 /* Main.storyboard */ = {
			isa = PBXVariantGroup;
			children = (
				411FDB3D217B3C3000B5ABD5 /* Base */,
			);
			name = Main.storyboard;
			sourceTree = "<group>";
		};
		411FDB41217B3C3500B5ABD5 /* LaunchScreen.storyboard */ = {
			isa = PBXVariantGroup;
			children = (
				411FDB42217B3C3500B5ABD5 /* Base */,
			);
			name = LaunchScreen.storyboard;
			sourceTree = "<group>";
		};
/* End PBXVariantGroup section */

/* Begin XCBuildConfiguration section */
		411FDB45217B3C3500B5ABD5 /* Debug */ = {
			isa = XCBuildConfiguration;
			buildSettings = {
				ALWAYS_SEARCH_USER_PATHS = NO;
				CLANG_ANALYZER_NONNULL = YES;
				CLANG_ANALYZER_NUMBER_OBJECT_CONVERSION = YES_AGGRESSIVE;
				CLANG_CXX_LANGUAGE_STANDARD = "gnu++14";
				CLANG_CXX_LIBRARY = "libc++";
				CLANG_ENABLE_MODULES = YES;
				CLANG_ENABLE_OBJC_ARC = YES;
				CLANG_ENABLE_OBJC_WEAK = YES;
				CLANG_WARN_BLOCK_CAPTURE_AUTORELEASING = YES;
				CLANG_WARN_BOOL_CONVERSION = YES;
				CLANG_WARN_COMMA = YES;
				CLANG_WARN_CONSTANT_CONVERSION = YES;
				CLANG_WARN_DEPRECATED_OBJC_IMPLEMENTATIONS = YES;
				CLANG_WARN_DIRECT_OBJC_ISA_USAGE = YES_ERROR;
				CLANG_WARN_DOCUMENTATION_COMMENTS = YES;
				CLANG_WARN_EMPTY_BODY = YES;
				CLANG_WARN_ENUM_CONVERSION = YES;
				CLANG_WARN_INFINITE_RECURSION = YES;
				CLANG_WARN_INT_CONVERSION = YES;
				CLANG_WARN_NON_LITERAL_NULL_CONVERSION = YES;
				CLANG_WARN_OBJC_IMPLICIT_RETAIN_SELF = YES;
				CLANG_WARN_OBJC_LITERAL_CONVERSION = YES;
				CLANG_WARN_OBJC_ROOT_CLASS = YES_ERROR;
				CLANG_WARN_RANGE_LOOP_ANALYSIS = YES;
				CLANG_WARN_STRICT_PROTOTYPES = YES;
				CLANG_WARN_SUSPICIOUS_MOVE = YES;
				CLANG_WARN_UNGUARDED_AVAILABILITY = YES_AGGRESSIVE;
				CLANG_WARN_UNREACHABLE_CODE = YES;
				CLANG_WARN__DUPLICATE_METHOD_MATCH = YES;
				CODE_SIGN_IDENTITY = "iPhone Developer";
				COPY_PHASE_STRIP = NO;
				DEBUG_INFORMATION_FORMAT = dwarf;
				ENABLE_STRICT_OBJC_MSGSEND = YES;
				ENABLE_TESTABILITY = YES;
				GCC_C_LANGUAGE_STANDARD = gnu11;
				GCC_DYNAMIC_NO_PIC = NO;
				GCC_NO_COMMON_BLOCKS = YES;
				GCC_OPTIMIZATION_LEVEL = 0;
				GCC_PREPROCESSOR_DEFINITIONS = (
					"DEBUG=1",
					"$(inherited)",
				);
				GCC_WARN_64_TO_32_BIT_CONVERSION = YES;
				GCC_WARN_ABOUT_RETURN_TYPE = YES_ERROR;
				GCC_WARN_UNDECLARED_SELECTOR = YES;
				GCC_WARN_UNINITIALIZED_AUTOS = YES_AGGRESSIVE;
				GCC_WARN_UNUSED_FUNCTION = YES;
				GCC_WARN_UNUSED_VARIABLE = YES;
				IPHONEOS_DEPLOYMENT_TARGET = 12.0;
				MTL_ENABLE_DEBUG_INFO = INCLUDE_SOURCE;
				MTL_FAST_MATH = YES;
				ONLY_ACTIVE_ARCH = YES;
				SDKROOT = iphoneos;
				SWIFT_ACTIVE_COMPILATION_CONDITIONS = DEBUG;
				SWIFT_OPTIMIZATION_LEVEL = "-Onone";
			};
			name = Debug;
		};
		411FDB46217B3C3500B5ABD5 /* Release */ = {
			isa = XCBuildConfiguration;
			buildSettings = {
				ALWAYS_SEARCH_USER_PATHS = NO;
				CLANG_ANALYZER_NONNULL = YES;
				CLANG_ANALYZER_NUMBER_OBJECT_CONVERSION = YES_AGGRESSIVE;
				CLANG_CXX_LANGUAGE_STANDARD = "gnu++14";
				CLANG_CXX_LIBRARY = "libc++";
				CLANG_ENABLE_MODULES = YES;
				CLANG_ENABLE_OBJC_ARC = YES;
				CLANG_ENABLE_OBJC_WEAK = YES;
				CLANG_WARN_BLOCK_CAPTURE_AUTORELEASING = YES;
				CLANG_WARN_BOOL_CONVERSION = YES;
				CLANG_WARN_COMMA = YES;
				CLANG_WARN_CONSTANT_CONVERSION = YES;
				CLANG_WARN_DEPRECATED_OBJC_IMPLEMENTATIONS = YES;
				CLANG_WARN_DIRECT_OBJC_ISA_USAGE = YES_ERROR;
				CLANG_WARN_DOCUMENTATION_COMMENTS = YES;
				CLANG_WARN_EMPTY_BODY = YES;
				CLANG_WARN_ENUM_CONVERSION = YES;
				CLANG_WARN_INFINITE_RECURSION = YES;
				CLANG_WARN_INT_CONVERSION = YES;
				CLANG_WARN_NON_LITERAL_NULL_CONVERSION = YES;
				CLANG_WARN_OBJC_IMPLICIT_RETAIN_SELF = YES;
				CLANG_WARN_OBJC_LITERAL_CONVERSION = YES;
				CLANG_WARN_OBJC_ROOT_CLASS = YES_ERROR;
				CLANG_WARN_RANGE_LOOP_ANALYSIS = YES;
				CLANG_WARN_STRICT_PROTOTYPES = YES;
				CLANG_WARN_SUSPICIOUS_MOVE = YES;
				CLANG_WARN_UNGUARDED_AVAILABILITY = YES_AGGRESSIVE;
				CLANG_WARN_UNREACHABLE_CODE = YES;
				CLANG_WARN__DUPLICATE_METHOD_MATCH = YES;
				CODE_SIGN_IDENTITY = "iPhone Developer";
				COPY_PHASE_STRIP = NO;
				DEBUG_INFORMATION_FORMAT = "dwarf-with-dsym";
				ENABLE_NS_ASSERTIONS = NO;
				ENABLE_STRICT_OBJC_MSGSEND = YES;
				GCC_C_LANGUAGE_STANDARD = gnu11;
				GCC_NO_COMMON_BLOCKS = YES;
				GCC_WARN_64_TO_32_BIT_CONVERSION = YES;
				GCC_WARN_ABOUT_RETURN_TYPE = YES_ERROR;
				GCC_WARN_UNDECLARED_SELECTOR = YES;
				GCC_WARN_UNINITIALIZED_AUTOS = YES_AGGRESSIVE;
				GCC_WARN_UNUSED_FUNCTION = YES;
				GCC_WARN_UNUSED_VARIABLE = YES;
				IPHONEOS_DEPLOYMENT_TARGET = 12.0;
				MTL_ENABLE_DEBUG_INFO = NO;
				MTL_FAST_MATH = YES;
				SDKROOT = iphoneos;
				SWIFT_COMPILATION_MODE = wholemodule;
				SWIFT_OPTIMIZATION_LEVEL = "-O";
				VALIDATE_PRODUCT = YES;
			};
			name = Release;
		};
		411FDB48217B3C3500B5ABD5 /* Debug */ = {
			isa = XCBuildConfiguration;
			buildSettings = {
				ASSETCATALOG_COMPILER_APPICON_NAME = AppIcon;
				CODE_SIGN_STYLE = Automatic;
				INFOPLIST_FILE = Everpobre/Info.plist;
				LD_RUNPATH_SEARCH_PATHS = (
					"$(inherited)",
					"@executable_path/Frameworks",
				);
				PRODUCT_BUNDLE_IDENTIFIER = com.fjrc.Everpobre;
				PRODUCT_NAME = "$(TARGET_NAME)";
				SWIFT_VERSION = 4.2;
				TARGETED_DEVICE_FAMILY = "1,2";
			};
			name = Debug;
		};
		411FDB49217B3C3500B5ABD5 /* Release */ = {
			isa = XCBuildConfiguration;
			buildSettings = {
				ASSETCATALOG_COMPILER_APPICON_NAME = AppIcon;
				CODE_SIGN_STYLE = Automatic;
				INFOPLIST_FILE = Everpobre/Info.plist;
				LD_RUNPATH_SEARCH_PATHS = (
					"$(inherited)",
					"@executable_path/Frameworks",
				);
				PRODUCT_BUNDLE_IDENTIFIER = com.fjrc.Everpobre;
				PRODUCT_NAME = "$(TARGET_NAME)";
				SWIFT_VERSION = 4.2;
				TARGETED_DEVICE_FAMILY = "1,2";
			};
			name = Release;
		};
/* End XCBuildConfiguration section */

/* Begin XCConfigurationList section */
		411FDB30217B3C3000B5ABD5 /* Build configuration list for PBXProject "Everpobre" */ = {
			isa = XCConfigurationList;
			buildConfigurations = (
				411FDB45217B3C3500B5ABD5 /* Debug */,
				411FDB46217B3C3500B5ABD5 /* Release */,
			);
			defaultConfigurationIsVisible = 0;
			defaultConfigurationName = Release;
		};
		411FDB47217B3C3500B5ABD5 /* Build configuration list for PBXNativeTarget "Everpobre" */ = {
			isa = XCConfigurationList;
			buildConfigurations = (
				411FDB48217B3C3500B5ABD5 /* Debug */,
				411FDB49217B3C3500B5ABD5 /* Release */,
			);
			defaultConfigurationIsVisible = 0;
			defaultConfigurationName = Release;
		};
/* End XCConfigurationList section */
	};
	rootObject = 411FDB2D217B3C3000B5ABD5 /* Project object */;
}
